// !$*UTF8*$!
{
	archiveVersion = 1;
	classes = {
	};
	objectVersion = 46;
	objects = {

/* Begin PBXBuildFile section */
		1660CEDA1A3B9136000D70C8 /* libUGrokItApi.a in Frameworks */ = {isa = PBXBuildFile; fileRef = 1660CED91A3B9136000D70C8 /* libUGrokItApi.a */; };
		1660CEDC1A3B916C000D70C8 /* AVFoundation.framework in Frameworks */ = {isa = PBXBuildFile; fileRef = 1660CEDB1A3B916C000D70C8 /* AVFoundation.framework */; };
		1660CEDE1A3B9177000D70C8 /* libz.1.2.5.dylib in Frameworks */ = {isa = PBXBuildFile; fileRef = 1660CEDD1A3B9177000D70C8 /* libz.1.2.5.dylib */; };
		1660CEE01A3B9181000D70C8 /* MediaPlayer.framework in Frameworks */ = {isa = PBXBuildFile; fileRef = 1660CEDF1A3B9181000D70C8 /* MediaPlayer.framework */; };
		16B702C01A394B6A00D770D2 /* main.m in Sources */ = {isa = PBXBuildFile; fileRef = 16B702BF1A394B6A00D770D2 /* main.m */; };
		16B702C31A394B6A00D770D2 /* AppDelegate.m in Sources */ = {isa = PBXBuildFile; fileRef = 16B702C21A394B6A00D770D2 /* AppDelegate.m */; };
		16B702C61A394B6A00D770D2 /* LoginViewController.m in Sources */ = {isa = PBXBuildFile; fileRef = 16B702C51A394B6A00D770D2 /* LoginViewController.m */; };
		16B702C91A394B6A00D770D2 /* Main.storyboard in Resources */ = {isa = PBXBuildFile; fileRef = 16B702C71A394B6A00D770D2 /* Main.storyboard */; };
		16B702CB1A394B6A00D770D2 /* Images.xcassets in Resources */ = {isa = PBXBuildFile; fileRef = 16B702CA1A394B6A00D770D2 /* Images.xcassets */; };
		16B702CE1A394B6A00D770D2 /* LaunchScreen.xib in Resources */ = {isa = PBXBuildFile; fileRef = 16B702CC1A394B6A00D770D2 /* LaunchScreen.xib */; };
		16B702DA1A394B6A00D770D2 /* FlowTrialTests.m in Sources */ = {isa = PBXBuildFile; fileRef = 16B702D91A394B6A00D770D2 /* FlowTrialTests.m */; };
		16B702E51A394CDB00D770D2 /* Bolts.framework in Frameworks */ = {isa = PBXBuildFile; fileRef = 16B702E31A394CDB00D770D2 /* Bolts.framework */; };
		16B702E61A394CDC00D770D2 /* Parse.framework in Frameworks */ = {isa = PBXBuildFile; fileRef = 16B702E41A394CDB00D770D2 /* Parse.framework */; };
		16B702F21A394D9B00D770D2 /* AudioToolbox.framework in Frameworks */ = {isa = PBXBuildFile; fileRef = 16B702E71A394D9B00D770D2 /* AudioToolbox.framework */; };
		16B702F31A394D9B00D770D2 /* CFNetwork.framework in Frameworks */ = {isa = PBXBuildFile; fileRef = 16B702E81A394D9B00D770D2 /* CFNetwork.framework */; };
		16B702F41A394D9B00D770D2 /* CoreGraphics.framework in Frameworks */ = {isa = PBXBuildFile; fileRef = 16B702E91A394D9B00D770D2 /* CoreGraphics.framework */; };
		16B702F51A394D9B00D770D2 /* CoreLocation.framework in Frameworks */ = {isa = PBXBuildFile; fileRef = 16B702EA1A394D9B00D770D2 /* CoreLocation.framework */; };
		16B702F61A394D9B00D770D2 /* libsqlite3.dylib in Frameworks */ = {isa = PBXBuildFile; fileRef = 16B702EB1A394D9B00D770D2 /* libsqlite3.dylib */; };
		16B702F71A394D9B00D770D2 /* libz.dylib in Frameworks */ = {isa = PBXBuildFile; fileRef = 16B702EC1A394D9B00D770D2 /* libz.dylib */; };
		16B702F81A394D9B00D770D2 /* MobileCoreServices.framework in Frameworks */ = {isa = PBXBuildFile; fileRef = 16B702ED1A394D9B00D770D2 /* MobileCoreServices.framework */; };
		16B702F91A394D9B00D770D2 /* QuartzCore.framework in Frameworks */ = {isa = PBXBuildFile; fileRef = 16B702EE1A394D9B00D770D2 /* QuartzCore.framework */; };
		16B702FA1A394D9B00D770D2 /* Security.framework in Frameworks */ = {isa = PBXBuildFile; fileRef = 16B702EF1A394D9B00D770D2 /* Security.framework */; };
		16B702FB1A394D9B00D770D2 /* StoreKit.framework in Frameworks */ = {isa = PBXBuildFile; fileRef = 16B702F01A394D9B00D770D2 /* StoreKit.framework */; };
		16B702FC1A394D9B00D770D2 /* SystemConfiguration.framework in Frameworks */ = {isa = PBXBuildFile; fileRef = 16B702F11A394D9B00D770D2 /* SystemConfiguration.framework */; };
		16B702FF1A396F1B00D770D2 /* User.m in Sources */ = {isa = PBXBuildFile; fileRef = 16B702FE1A396F1B00D770D2 /* User.m */; };
		16B703021A397D7800D770D2 /* UserHomeScreenVC.m in Sources */ = {isa = PBXBuildFile; fileRef = 16B703011A397D7800D770D2 /* UserHomeScreenVC.m */; };
/* End PBXBuildFile section */

/* Begin PBXContainerItemProxy section */
		16B702D41A394B6A00D770D2 /* PBXContainerItemProxy */ = {
			isa = PBXContainerItemProxy;
			containerPortal = 16B702B21A394B6A00D770D2 /* Project object */;
			proxyType = 1;
			remoteGlobalIDString = 16B702B91A394B6A00D770D2;
			remoteInfo = FlowTrial;
		};
/* End PBXContainerItemProxy section */

/* Begin PBXFileReference section */
		1660CED91A3B9136000D70C8 /* libUGrokItApi.a */ = {isa = PBXFileReference; lastKnownFileType = archive.ar; name = libUGrokItApi.a; path = ../libUGrokItApi.a; sourceTree = "<group>"; };
		1660CEDB1A3B916C000D70C8 /* AVFoundation.framework */ = {isa = PBXFileReference; lastKnownFileType = wrapper.framework; name = AVFoundation.framework; path = System/Library/Frameworks/AVFoundation.framework; sourceTree = SDKROOT; };
		1660CEDD1A3B9177000D70C8 /* libz.1.2.5.dylib */ = {isa = PBXFileReference; lastKnownFileType = "compiled.mach-o.dylib"; name = libz.1.2.5.dylib; path = usr/lib/libz.1.2.5.dylib; sourceTree = SDKROOT; };
		1660CEDF1A3B9181000D70C8 /* MediaPlayer.framework */ = {isa = PBXFileReference; lastKnownFileType = wrapper.framework; name = MediaPlayer.framework; path = System/Library/Frameworks/MediaPlayer.framework; sourceTree = SDKROOT; };
		1660CEE21A3B97DD000D70C8 /* Ugi.h */ = {isa = PBXFileReference; fileEncoding = 4; lastKnownFileType = sourcecode.c.h; name = Ugi.h; path = ../Ugi.h; sourceTree = "<group>"; };
		1660CEE31A3B9878000D70C8 /* Ugi_antennaTuning.h */ = {isa = PBXFileReference; fileEncoding = 4; lastKnownFileType = sourcecode.c.h; name = Ugi_antennaTuning.h; path = ../Ugi_antennaTuning.h; sourceTree = "<group>"; };
		1660CEE41A3B9878000D70C8 /* Ugi_firmwareUpdate.h */ = {isa = PBXFileReference; fileEncoding = 4; lastKnownFileType = sourcecode.c.h; name = Ugi_firmwareUpdate.h; path = ../Ugi_firmwareUpdate.h; sourceTree = "<group>"; };
		1660CEE51A3B9878000D70C8 /* UgiEpc.h */ = {isa = PBXFileReference; fileEncoding = 4; lastKnownFileType = sourcecode.c.h; name = UgiEpc.h; path = ../UgiEpc.h; sourceTree = "<group>"; };
		1660CEE61A3B9878000D70C8 /* UgiInventory.h */ = {isa = PBXFileReference; fileEncoding = 4; lastKnownFileType = sourcecode.c.h; name = UgiInventory.h; path = ../UgiInventory.h; sourceTree = "<group>"; };
		1660CEE71A3B9878000D70C8 /* UgiInventoryDelegate.h */ = {isa = PBXFileReference; fileEncoding = 4; lastKnownFileType = sourcecode.c.h; name = UgiInventoryDelegate.h; path = ../UgiInventoryDelegate.h; sourceTree = "<group>"; };
		1660CEE81A3B9878000D70C8 /* UgiJson.h */ = {isa = PBXFileReference; fileEncoding = 4; lastKnownFileType = sourcecode.c.h; name = UgiJson.h; path = ../UgiJson.h; sourceTree = "<group>"; };
		1660CEE91A3B9878000D70C8 /* UgiRfidConfiguration.h */ = {isa = PBXFileReference; fileEncoding = 4; lastKnownFileType = sourcecode.c.h; name = UgiRfidConfiguration.h; path = ../UgiRfidConfiguration.h; sourceTree = "<group>"; };
		1660CEEA1A3B9878000D70C8 /* UgiTag.h */ = {isa = PBXFileReference; fileEncoding = 4; lastKnownFileType = sourcecode.c.h; name = UgiTag.h; path = ../UgiTag.h; sourceTree = "<group>"; };
		1660CEEB1A3B9878000D70C8 /* UgiTagReadState.h */ = {isa = PBXFileReference; fileEncoding = 4; lastKnownFileType = sourcecode.c.h; name = UgiTagReadState.h; path = ../UgiTagReadState.h; sourceTree = "<group>"; };
		1660CEEC1A3B9878000D70C8 /* UgiUtil.h */ = {isa = PBXFileReference; fileEncoding = 4; lastKnownFileType = sourcecode.c.h; name = UgiUtil.h; path = ../UgiUtil.h; sourceTree = "<group>"; };
		16B702BA1A394B6A00D770D2 /* FlowTrial.app */ = {isa = PBXFileReference; explicitFileType = wrapper.application; includeInIndex = 0; path = FlowTrial.app; sourceTree = BUILT_PRODUCTS_DIR; };
		16B702BE1A394B6A00D770D2 /* Info.plist */ = {isa = PBXFileReference; lastKnownFileType = text.plist.xml; path = Info.plist; sourceTree = "<group>"; };
		16B702BF1A394B6A00D770D2 /* main.m */ = {isa = PBXFileReference; lastKnownFileType = sourcecode.c.objc; path = main.m; sourceTree = "<group>"; };
		16B702C11A394B6A00D770D2 /* AppDelegate.h */ = {isa = PBXFileReference; lastKnownFileType = sourcecode.c.h; path = AppDelegate.h; sourceTree = "<group>"; };
		16B702C21A394B6A00D770D2 /* AppDelegate.m */ = {isa = PBXFileReference; lastKnownFileType = sourcecode.c.objc; path = AppDelegate.m; sourceTree = "<group>"; };
		16B702C41A394B6A00D770D2 /* LoginViewController.h */ = {isa = PBXFileReference; lastKnownFileType = sourcecode.c.h; path = LoginViewController.h; sourceTree = "<group>"; };
		16B702C51A394B6A00D770D2 /* LoginViewController.m */ = {isa = PBXFileReference; lastKnownFileType = sourcecode.c.objc; path = LoginViewController.m; sourceTree = "<group>"; };
		16B702C81A394B6A00D770D2 /* Base */ = {isa = PBXFileReference; lastKnownFileType = file.storyboard; name = Base; path = Base.lproj/Main.storyboard; sourceTree = "<group>"; };
		16B702CA1A394B6A00D770D2 /* Images.xcassets */ = {isa = PBXFileReference; lastKnownFileType = folder.assetcatalog; path = Images.xcassets; sourceTree = "<group>"; };
		16B702CD1A394B6A00D770D2 /* Base */ = {isa = PBXFileReference; lastKnownFileType = file.xib; name = Base; path = Base.lproj/LaunchScreen.xib; sourceTree = "<group>"; };
		16B702D31A394B6A00D770D2 /* FlowTrialTests.xctest */ = {isa = PBXFileReference; explicitFileType = wrapper.cfbundle; includeInIndex = 0; path = FlowTrialTests.xctest; sourceTree = BUILT_PRODUCTS_DIR; };
		16B702D81A394B6A00D770D2 /* Info.plist */ = {isa = PBXFileReference; lastKnownFileType = text.plist.xml; path = Info.plist; sourceTree = "<group>"; };
		16B702D91A394B6A00D770D2 /* FlowTrialTests.m */ = {isa = PBXFileReference; lastKnownFileType = sourcecode.c.objc; path = FlowTrialTests.m; sourceTree = "<group>"; };
		16B702E31A394CDB00D770D2 /* Bolts.framework */ = {isa = PBXFileReference; lastKnownFileType = wrapper.framework; path = Bolts.framework; sourceTree = "<group>"; };
		16B702E41A394CDB00D770D2 /* Parse.framework */ = {isa = PBXFileReference; lastKnownFileType = wrapper.framework; path = Parse.framework; sourceTree = "<group>"; };
		16B702E71A394D9B00D770D2 /* AudioToolbox.framework */ = {isa = PBXFileReference; lastKnownFileType = wrapper.framework; name = AudioToolbox.framework; path = System/Library/Frameworks/AudioToolbox.framework; sourceTree = SDKROOT; };
		16B702E81A394D9B00D770D2 /* CFNetwork.framework */ = {isa = PBXFileReference; lastKnownFileType = wrapper.framework; name = CFNetwork.framework; path = System/Library/Frameworks/CFNetwork.framework; sourceTree = SDKROOT; };
		16B702E91A394D9B00D770D2 /* CoreGraphics.framework */ = {isa = PBXFileReference; lastKnownFileType = wrapper.framework; name = CoreGraphics.framework; path = System/Library/Frameworks/CoreGraphics.framework; sourceTree = SDKROOT; };
		16B702EA1A394D9B00D770D2 /* CoreLocation.framework */ = {isa = PBXFileReference; lastKnownFileType = wrapper.framework; name = CoreLocation.framework; path = System/Library/Frameworks/CoreLocation.framework; sourceTree = SDKROOT; };
		16B702EB1A394D9B00D770D2 /* libsqlite3.dylib */ = {isa = PBXFileReference; lastKnownFileType = "compiled.mach-o.dylib"; name = libsqlite3.dylib; path = usr/lib/libsqlite3.dylib; sourceTree = SDKROOT; };
		16B702EC1A394D9B00D770D2 /* libz.dylib */ = {isa = PBXFileReference; lastKnownFileType = "compiled.mach-o.dylib"; name = libz.dylib; path = usr/lib/libz.dylib; sourceTree = SDKROOT; };
		16B702ED1A394D9B00D770D2 /* MobileCoreServices.framework */ = {isa = PBXFileReference; lastKnownFileType = wrapper.framework; name = MobileCoreServices.framework; path = System/Library/Frameworks/MobileCoreServices.framework; sourceTree = SDKROOT; };
		16B702EE1A394D9B00D770D2 /* QuartzCore.framework */ = {isa = PBXFileReference; lastKnownFileType = wrapper.framework; name = QuartzCore.framework; path = System/Library/Frameworks/QuartzCore.framework; sourceTree = SDKROOT; };
		16B702EF1A394D9B00D770D2 /* Security.framework */ = {isa = PBXFileReference; lastKnownFileType = wrapper.framework; name = Security.framework; path = System/Library/Frameworks/Security.framework; sourceTree = SDKROOT; };
		16B702F01A394D9B00D770D2 /* StoreKit.framework */ = {isa = PBXFileReference; lastKnownFileType = wrapper.framework; name = StoreKit.framework; path = System/Library/Frameworks/StoreKit.framework; sourceTree = SDKROOT; };
		16B702F11A394D9B00D770D2 /* SystemConfiguration.framework */ = {isa = PBXFileReference; lastKnownFileType = wrapper.framework; name = SystemConfiguration.framework; path = System/Library/Frameworks/SystemConfiguration.framework; sourceTree = SDKROOT; };
		16B702FD1A396F1B00D770D2 /* User.h */ = {isa = PBXFileReference; fileEncoding = 4; lastKnownFileType = sourcecode.c.h; path = User.h; sourceTree = "<group>"; };
		16B702FE1A396F1B00D770D2 /* User.m */ = {isa = PBXFileReference; fileEncoding = 4; lastKnownFileType = sourcecode.c.objc; path = User.m; sourceTree = "<group>"; };
		16B703001A397D7800D770D2 /* UserHomeScreenVC.h */ = {isa = PBXFileReference; fileEncoding = 4; lastKnownFileType = sourcecode.c.h; path = UserHomeScreenVC.h; sourceTree = "<group>"; };
		16B703011A397D7800D770D2 /* UserHomeScreenVC.m */ = {isa = PBXFileReference; fileEncoding = 4; lastKnownFileType = sourcecode.c.objc; path = UserHomeScreenVC.m; sourceTree = "<group>"; };
/* End PBXFileReference section */

/* Begin PBXFrameworksBuildPhase section */
		16B702B71A394B6A00D770D2 /* Frameworks */ = {
			isa = PBXFrameworksBuildPhase;
			buildActionMask = 2147483647;
			files = (
				1660CEE01A3B9181000D70C8 /* MediaPlayer.framework in Frameworks */,
				1660CEDE1A3B9177000D70C8 /* libz.1.2.5.dylib in Frameworks */,
				1660CEDC1A3B916C000D70C8 /* AVFoundation.framework in Frameworks */,
				16B702F21A394D9B00D770D2 /* AudioToolbox.framework in Frameworks */,
				16B702F31A394D9B00D770D2 /* CFNetwork.framework in Frameworks */,
				16B702F41A394D9B00D770D2 /* CoreGraphics.framework in Frameworks */,
				16B702F51A394D9B00D770D2 /* CoreLocation.framework in Frameworks */,
				16B702F61A394D9B00D770D2 /* libsqlite3.dylib in Frameworks */,
				16B702F71A394D9B00D770D2 /* libz.dylib in Frameworks */,
				1660CEDA1A3B9136000D70C8 /* libUGrokItApi.a in Frameworks */,
				16B702F81A394D9B00D770D2 /* MobileCoreServices.framework in Frameworks */,
				16B702F91A394D9B00D770D2 /* QuartzCore.framework in Frameworks */,
				16B702FA1A394D9B00D770D2 /* Security.framework in Frameworks */,
				16B702FB1A394D9B00D770D2 /* StoreKit.framework in Frameworks */,
				16B702FC1A394D9B00D770D2 /* SystemConfiguration.framework in Frameworks */,
				16B702E61A394CDC00D770D2 /* Parse.framework in Frameworks */,
				16B702E51A394CDB00D770D2 /* Bolts.framework in Frameworks */,
			);
			runOnlyForDeploymentPostprocessing = 0;
		};
		16B702D01A394B6A00D770D2 /* Frameworks */ = {
			isa = PBXFrameworksBuildPhase;
			buildActionMask = 2147483647;
			files = (
			);
			runOnlyForDeploymentPostprocessing = 0;
		};
/* End PBXFrameworksBuildPhase section */

/* Begin PBXGroup section */
		16B702B11A394B6A00D770D2 = {
			isa = PBXGroup;
			children = (
				16B702BC1A394B6A00D770D2 /* FlowTrial */,
				16B702D61A394B6A00D770D2 /* FlowTrialTests */,
				16B702BB1A394B6A00D770D2 /* Products */,
			);
			sourceTree = "<group>";
		};
		16B702BB1A394B6A00D770D2 /* Products */ = {
			isa = PBXGroup;
			children = (
				16B702BA1A394B6A00D770D2 /* FlowTrial.app */,
				16B702D31A394B6A00D770D2 /* FlowTrialTests.xctest */,
			);
			name = Products;
			sourceTree = "<group>";
		};
		16B702BC1A394B6A00D770D2 /* FlowTrial */ = {
			isa = PBXGroup;
			children = (
				16B702C11A394B6A00D770D2 /* AppDelegate.h */,
				16B702C21A394B6A00D770D2 /* AppDelegate.m */,
				16B702C41A394B6A00D770D2 /* LoginViewController.h */,
				16B702C51A394B6A00D770D2 /* LoginViewController.m */,
				16B703001A397D7800D770D2 /* UserHomeScreenVC.h */,
				16B703011A397D7800D770D2 /* UserHomeScreenVC.m */,
				16B702C71A394B6A00D770D2 /* Main.storyboard */,
				16B702FD1A396F1B00D770D2 /* User.h */,
				16B702FE1A396F1B00D770D2 /* User.m */,
				16B702CA1A394B6A00D770D2 /* Images.xcassets */,
				16B702CC1A394B6A00D770D2 /* LaunchScreen.xib */,
				16B702BD1A394B6A00D770D2 /* Supporting Files */,
			);
			path = FlowTrial;
			sourceTree = "<group>";
		};
		16B702BD1A394B6A00D770D2 /* Supporting Files */ = {
			isa = PBXGroup;
			children = (
				1660CEE21A3B97DD000D70C8 /* Ugi.h */,
				1660CEE31A3B9878000D70C8 /* Ugi_antennaTuning.h */,
				1660CEE41A3B9878000D70C8 /* Ugi_firmwareUpdate.h */,
				1660CEE51A3B9878000D70C8 /* UgiEpc.h */,
				1660CEE61A3B9878000D70C8 /* UgiInventory.h */,
				1660CEE71A3B9878000D70C8 /* UgiInventoryDelegate.h */,
				1660CEE81A3B9878000D70C8 /* UgiJson.h */,
				1660CEE91A3B9878000D70C8 /* UgiRfidConfiguration.h */,
				1660CEEA1A3B9878000D70C8 /* UgiTag.h */,
				1660CEEB1A3B9878000D70C8 /* UgiTagReadState.h */,
				1660CEEC1A3B9878000D70C8 /* UgiUtil.h */,
				1660CED91A3B9136000D70C8 /* libUGrokItApi.a */,
				1660CEDB1A3B916C000D70C8 /* AVFoundation.framework */,
				16B702E31A394CDB00D770D2 /* Bolts.framework */,
				1660CEDF1A3B9181000D70C8 /* MediaPlayer.framework */,
				16B702E71A394D9B00D770D2 /* AudioToolbox.framework */,
				16B702E81A394D9B00D770D2 /* CFNetwork.framework */,
				16B702E91A394D9B00D770D2 /* CoreGraphics.framework */,
				16B702EA1A394D9B00D770D2 /* CoreLocation.framework */,
				16B702ED1A394D9B00D770D2 /* MobileCoreServices.framework */,
				16B702EE1A394D9B00D770D2 /* QuartzCore.framework */,
				16B702EF1A394D9B00D770D2 /* Security.framework */,
				16B702F01A394D9B00D770D2 /* StoreKit.framework */,
				16B702F11A394D9B00D770D2 /* SystemConfiguration.framework */,
				16B702E41A394CDB00D770D2 /* Parse.framework */,
				16B702EB1A394D9B00D770D2 /* libsqlite3.dylib */,
				16B702EC1A394D9B00D770D2 /* libz.dylib */,
				1660CEDD1A3B9177000D70C8 /* libz.1.2.5.dylib */,
				16B702BE1A394B6A00D770D2 /* Info.plist */,
				16B702BF1A394B6A00D770D2 /* main.m */,
			);
			name = "Supporting Files";
			sourceTree = "<group>";
		};
		16B702D61A394B6A00D770D2 /* FlowTrialTests */ = {
			isa = PBXGroup;
			children = (
				16B702D91A394B6A00D770D2 /* FlowTrialTests.m */,
				16B702D71A394B6A00D770D2 /* Supporting Files */,
			);
			path = FlowTrialTests;
			sourceTree = "<group>";
		};
		16B702D71A394B6A00D770D2 /* Supporting Files */ = {
			isa = PBXGroup;
			children = (
				16B702D81A394B6A00D770D2 /* Info.plist */,
			);
			name = "Supporting Files";
			sourceTree = "<group>";
		};
/* End PBXGroup section */

/* Begin PBXNativeTarget section */
		16B702B91A394B6A00D770D2 /* FlowTrial */ = {
			isa = PBXNativeTarget;
			buildConfigurationList = 16B702DD1A394B6A00D770D2 /* Build configuration list for PBXNativeTarget "FlowTrial" */;
			buildPhases = (
				16B702B61A394B6A00D770D2 /* Sources */,
				16B702B71A394B6A00D770D2 /* Frameworks */,
				16B702B81A394B6A00D770D2 /* Resources */,
			);
			buildRules = (
			);
			dependencies = (
			);
			name = FlowTrial;
			productName = FlowTrial;
			productReference = 16B702BA1A394B6A00D770D2 /* FlowTrial.app */;
			productType = "com.apple.product-type.application";
		};
		16B702D21A394B6A00D770D2 /* FlowTrialTests */ = {
			isa = PBXNativeTarget;
			buildConfigurationList = 16B702E01A394B6A00D770D2 /* Build configuration list for PBXNativeTarget "FlowTrialTests" */;
			buildPhases = (
				16B702CF1A394B6A00D770D2 /* Sources */,
				16B702D01A394B6A00D770D2 /* Frameworks */,
				16B702D11A394B6A00D770D2 /* Resources */,
			);
			buildRules = (
			);
			dependencies = (
				16B702D51A394B6A00D770D2 /* PBXTargetDependency */,
			);
			name = FlowTrialTests;
			productName = FlowTrialTests;
			productReference = 16B702D31A394B6A00D770D2 /* FlowTrialTests.xctest */;
			productType = "com.apple.product-type.bundle.unit-test";
		};
/* End PBXNativeTarget section */

/* Begin PBXProject section */
		16B702B21A394B6A00D770D2 /* Project object */ = {
			isa = PBXProject;
			attributes = {
				LastUpgradeCheck = 0610;
				ORGANIZATIONNAME = "Wade Sellers";
				TargetAttributes = {
					16B702B91A394B6A00D770D2 = {
						CreatedOnToolsVersion = 6.1.1;
					};
					16B702D21A394B6A00D770D2 = {
						CreatedOnToolsVersion = 6.1.1;
						TestTargetID = 16B702B91A394B6A00D770D2;
					};
				};
			};
			buildConfigurationList = 16B702B51A394B6A00D770D2 /* Build configuration list for PBXProject "FlowTrial" */;
			compatibilityVersion = "Xcode 3.2";
			developmentRegion = English;
			hasScannedForEncodings = 0;
			knownRegions = (
				en,
				Base,
			);
			mainGroup = 16B702B11A394B6A00D770D2;
			productRefGroup = 16B702BB1A394B6A00D770D2 /* Products */;
			projectDirPath = "";
			projectRoot = "";
			targets = (
				16B702B91A394B6A00D770D2 /* FlowTrial */,
				16B702D21A394B6A00D770D2 /* FlowTrialTests */,
			);
		};
/* End PBXProject section */

/* Begin PBXResourcesBuildPhase section */
		16B702B81A394B6A00D770D2 /* Resources */ = {
			isa = PBXResourcesBuildPhase;
			buildActionMask = 2147483647;
			files = (
				16B702C91A394B6A00D770D2 /* Main.storyboard in Resources */,
				16B702CE1A394B6A00D770D2 /* LaunchScreen.xib in Resources */,
				16B702CB1A394B6A00D770D2 /* Images.xcassets in Resources */,
			);
			runOnlyForDeploymentPostprocessing = 0;
		};
		16B702D11A394B6A00D770D2 /* Resources */ = {
			isa = PBXResourcesBuildPhase;
			buildActionMask = 2147483647;
			files = (
			);
			runOnlyForDeploymentPostprocessing = 0;
		};
/* End PBXResourcesBuildPhase section */

/* Begin PBXSourcesBuildPhase section */
		16B702B61A394B6A00D770D2 /* Sources */ = {
			isa = PBXSourcesBuildPhase;
			buildActionMask = 2147483647;
			files = (
				16B702FF1A396F1B00D770D2 /* User.m in Sources */,
				16B702C61A394B6A00D770D2 /* LoginViewController.m in Sources */,
				16B702C31A394B6A00D770D2 /* AppDelegate.m in Sources */,
				16B702C01A394B6A00D770D2 /* main.m in Sources */,
				16B703021A397D7800D770D2 /* UserHomeScreenVC.m in Sources */,
			);
			runOnlyForDeploymentPostprocessing = 0;
		};
		16B702CF1A394B6A00D770D2 /* Sources */ = {
			isa = PBXSourcesBuildPhase;
			buildActionMask = 2147483647;
			files = (
				16B702DA1A394B6A00D770D2 /* FlowTrialTests.m in Sources */,
			);
			runOnlyForDeploymentPostprocessing = 0;
		};
/* End PBXSourcesBuildPhase section */

/* Begin PBXTargetDependency section */
		16B702D51A394B6A00D770D2 /* PBXTargetDependency */ = {
			isa = PBXTargetDependency;
			target = 16B702B91A394B6A00D770D2 /* FlowTrial */;
			targetProxy = 16B702D41A394B6A00D770D2 /* PBXContainerItemProxy */;
		};
/* End PBXTargetDependency section */

/* Begin PBXVariantGroup section */
		16B702C71A394B6A00D770D2 /* Main.storyboard */ = {
			isa = PBXVariantGroup;
			children = (
				16B702C81A394B6A00D770D2 /* Base */,
			);
			name = Main.storyboard;
			sourceTree = "<group>";
		};
		16B702CC1A394B6A00D770D2 /* LaunchScreen.xib */ = {
			isa = PBXVariantGroup;
			children = (
				16B702CD1A394B6A00D770D2 /* Base */,
			);
			name = LaunchScreen.xib;
			sourceTree = "<group>";
		};
/* End PBXVariantGroup section */

/* Begin XCBuildConfiguration section */
		16B702DB1A394B6A00D770D2 /* Debug */ = {
			isa = XCBuildConfiguration;
			buildSettings = {
				ALWAYS_SEARCH_USER_PATHS = NO;
				CLANG_CXX_LANGUAGE_STANDARD = "gnu++0x";
				CLANG_CXX_LIBRARY = "libc++";
				CLANG_ENABLE_MODULES = YES;
				CLANG_ENABLE_OBJC_ARC = YES;
				CLANG_WARN_BOOL_CONVERSION = YES;
				CLANG_WARN_CONSTANT_CONVERSION = YES;
				CLANG_WARN_DIRECT_OBJC_ISA_USAGE = YES_ERROR;
				CLANG_WARN_EMPTY_BODY = YES;
				CLANG_WARN_ENUM_CONVERSION = YES;
				CLANG_WARN_INT_CONVERSION = YES;
				CLANG_WARN_OBJC_ROOT_CLASS = YES_ERROR;
				CLANG_WARN_UNREACHABLE_CODE = YES;
				CLANG_WARN__DUPLICATE_METHOD_MATCH = YES;
				"CODE_SIGN_IDENTITY[sdk=iphoneos*]" = "iPhone Developer";
				COPY_PHASE_STRIP = NO;
				ENABLE_STRICT_OBJC_MSGSEND = YES;
				GCC_C_LANGUAGE_STANDARD = gnu99;
				GCC_DYNAMIC_NO_PIC = NO;
				GCC_OPTIMIZATION_LEVEL = 0;
				GCC_PREPROCESSOR_DEFINITIONS = (
					"DEBUG=1",
					"$(inherited)",
				);
				GCC_SYMBOLS_PRIVATE_EXTERN = NO;
				GCC_WARN_64_TO_32_BIT_CONVERSION = YES;
				GCC_WARN_ABOUT_RETURN_TYPE = YES_ERROR;
				GCC_WARN_UNDECLARED_SELECTOR = YES;
				GCC_WARN_UNINITIALIZED_AUTOS = YES_AGGRESSIVE;
				GCC_WARN_UNUSED_FUNCTION = YES;
				GCC_WARN_UNUSED_VARIABLE = YES;
				IPHONEOS_DEPLOYMENT_TARGET = 8.1;
				MTL_ENABLE_DEBUG_INFO = YES;
				ONLY_ACTIVE_ARCH = YES;
				SDKROOT = iphoneos;
			};
			name = Debug;
		};
		16B702DC1A394B6A00D770D2 /* Release */ = {
			isa = XCBuildConfiguration;
			buildSettings = {
				ALWAYS_SEARCH_USER_PATHS = NO;
				CLANG_CXX_LANGUAGE_STANDARD = "gnu++0x";
				CLANG_CXX_LIBRARY = "libc++";
				CLANG_ENABLE_MODULES = YES;
				CLANG_ENABLE_OBJC_ARC = YES;
				CLANG_WARN_BOOL_CONVERSION = YES;
				CLANG_WARN_CONSTANT_CONVERSION = YES;
				CLANG_WARN_DIRECT_OBJC_ISA_USAGE = YES_ERROR;
				CLANG_WARN_EMPTY_BODY = YES;
				CLANG_WARN_ENUM_CONVERSION = YES;
				CLANG_WARN_INT_CONVERSION = YES;
				CLANG_WARN_OBJC_ROOT_CLASS = YES_ERROR;
				CLANG_WARN_UNREACHABLE_CODE = YES;
				CLANG_WARN__DUPLICATE_METHOD_MATCH = YES;
				"CODE_SIGN_IDENTITY[sdk=iphoneos*]" = "iPhone Developer";
				COPY_PHASE_STRIP = YES;
				ENABLE_NS_ASSERTIONS = NO;
				ENABLE_STRICT_OBJC_MSGSEND = YES;
				GCC_C_LANGUAGE_STANDARD = gnu99;
				GCC_WARN_64_TO_32_BIT_CONVERSION = YES;
				GCC_WARN_ABOUT_RETURN_TYPE = YES_ERROR;
				GCC_WARN_UNDECLARED_SELECTOR = YES;
				GCC_WARN_UNINITIALIZED_AUTOS = YES_AGGRESSIVE;
				GCC_WARN_UNUSED_FUNCTION = YES;
				GCC_WARN_UNUSED_VARIABLE = YES;
				IPHONEOS_DEPLOYMENT_TARGET = 8.1;
				MTL_ENABLE_DEBUG_INFO = NO;
				SDKROOT = iphoneos;
				VALIDATE_PRODUCT = YES;
			};
			name = Release;
		};
		16B702DE1A394B6A00D770D2 /* Debug */ = {
			isa = XCBuildConfiguration;
			buildSettings = {
				ASSETCATALOG_COMPILER_APPICON_NAME = AppIcon;
				FRAMEWORK_SEARCH_PATHS = (
					"$(inherited)",
					"$(PROJECT_DIR)/FlowTrial",
				);
				INFOPLIST_FILE = FlowTrial/Info.plist;
				LD_RUNPATH_SEARCH_PATHS = "$(inherited) @executable_path/Frameworks";
				LIBRARY_SEARCH_PATHS = (
					"$(inherited)",
					"$(PROJECT_DIR)",
				);
				OTHER_LDFLAGS = "-ObjC";
				PRODUCT_NAME = "$(TARGET_NAME)";
			};
			name = Debug;
		};
		16B702DF1A394B6A00D770D2 /* Release */ = {
			isa = XCBuildConfiguration;
			buildSettings = {
				ASSETCATALOG_COMPILER_APPICON_NAME = AppIcon;
				FRAMEWORK_SEARCH_PATHS = (
					"$(inherited)",
					"$(PROJECT_DIR)/FlowTrial",
				);
				INFOPLIST_FILE = FlowTrial/Info.plist;
				LD_RUNPATH_SEARCH_PATHS = "$(inherited) @executable_path/Frameworks";
				LIBRARY_SEARCH_PATHS = (
					"$(inherited)",
					"$(PROJECT_DIR)",
				);
				OTHER_LDFLAGS = "-ObjC";
				PRODUCT_NAME = "$(TARGET_NAME)";
			};
			name = Release;
		};
		16B702E11A394B6A00D770D2 /* Debug */ = {
			isa = XCBuildConfiguration;
			buildSettings = {
				BUNDLE_LOADER = "$(TEST_HOST)";
				FRAMEWORK_SEARCH_PATHS = (
					"$(SDKROOT)/Developer/Library/Frameworks",
					"$(inherited)",
				);
				GCC_PREPROCESSOR_DEFINITIONS = (
					"DEBUG=1",
					"$(inherited)",
				);
				INFOPLIST_FILE = FlowTrialTests/Info.plist;
				LD_RUNPATH_SEARCH_PATHS = "$(inherited) @executable_path/Frameworks @loader_path/Frameworks";
				PRODUCT_NAME = "$(TARGET_NAME)";
				TEST_HOST = "$(BUILT_PRODUCTS_DIR)/FlowTrial.app/FlowTrial";
			};
			name = Debug;
		};
		16B702E21A394B6A00D770D2 /* Release */ = {
			isa = XCBuildConfiguration;
			buildSettings = {
				BUNDLE_LOADER = "$(TEST_HOST)";
				FRAMEWORK_SEARCH_PATHS = (
					"$(SDKROOT)/Developer/Library/Frameworks",
					"$(inherited)",
				);
				INFOPLIST_FILE = FlowTrialTests/Info.plist;
				LD_RUNPATH_SEARCH_PATHS = "$(inherited) @executable_path/Frameworks @loader_path/Frameworks";
				PRODUCT_NAME = "$(TARGET_NAME)";
				TEST_HOST = "$(BUILT_PRODUCTS_DIR)/FlowTrial.app/FlowTrial";
			};
			name = Release;
		};
/* End XCBuildConfiguration section */

/* Begin XCConfigurationList section */
		16B702B51A394B6A00D770D2 /* Build configuration list for PBXProject "FlowTrial" */ = {
			isa = XCConfigurationList;
			buildConfigurations = (
				16B702DB1A394B6A00D770D2 /* Debug */,
				16B702DC1A394B6A00D770D2 /* Release */,
			);
			defaultConfigurationIsVisible = 0;
			defaultConfigurationName = Release;
		};
		16B702DD1A394B6A00D770D2 /* Build configuration list for PBXNativeTarget "FlowTrial" */ = {
			isa = XCConfigurationList;
			buildConfigurations = (
				16B702DE1A394B6A00D770D2 /* Debug */,
				16B702DF1A394B6A00D770D2 /* Release */,
			);
			defaultConfigurationIsVisible = 0;
			defaultConfigurationName = Release;
		};
		16B702E01A394B6A00D770D2 /* Build configuration list for PBXNativeTarget "FlowTrialTests" */ = {
			isa = XCConfigurationList;
			buildConfigurations = (
				16B702E11A394B6A00D770D2 /* Debug */,
				16B702E21A394B6A00D770D2 /* Release */,
			);
			defaultConfigurationIsVisible = 0;
			defaultConfigurationName = Release;
		};
/* End XCConfigurationList section */
	};
	rootObject = 16B702B21A394B6A00D770D2 /* Project object */;
}
